
Microsoft Visual Studio Solution File, Format Version 12.00
# Visual Studio 14
VisualStudioVersion = 14.0.25420.1
MinimumVisualStudioVersion = 10.0.40219.1
Project("{FAE04EC0-301F-11D3-BF4B-00C04F79EFBC}") = "Zen.Trunk.Utilities", "src\Zen.Trunk.Utilities\Zen.Trunk.Utilities.csproj", "{F7ED3F65-BFE8-4949-8BDE-494F12CC30C6}"
EndProject
Project("{FAE04EC0-301F-11D3-BF4B-00C04F79EFBC}") = "Zen.Trunk.VirtualMemory", "src\Zen.Trunk.VirtualMemory\Zen.Trunk.VirtualMemory.csproj", "{837F9DBD-7E29-4237-ADD9-1BD32FEF964A}"
EndProject
Project("{FAE04EC0-301F-11D3-BF4B-00C04F79EFBC}") = "Zen.Trunk.StorageEngine", "src\Zen.Trunk.StorageEngine\Zen.Trunk.StorageEngine.csproj", "{2F2A3E61-960A-4DA0-A087-D45C89B33099}"
EndProject
Project("{FAE04EC0-301F-11D3-BF4B-00C04F79EFBC}") = "Zen.Trunk.VirtualMemory.Tests", "src\Zen.Trunk.VirtualMemory.Tests\Zen.Trunk.VirtualMemory.Tests.csproj", "{665652E5-B6F9-42AB-8C93-11B4EE8DDBA5}"
EndProject
Project("{FAE04EC0-301F-11D3-BF4B-00C04F79EFBC}") = "Zen.Trunk.StorageEngine.Tests", "src\Zen.Trunk.StorageEngine.Tests\Zen.Trunk.StorageEngine.Tests.csproj", "{07E7D6A1-141E-45DB-B557-30425540BE14}"
EndProject
Project("{2150E333-8FDC-42A3-9474-1A3956D46DE8}") = "1. Infrastructure", "1. Infrastructure", "{CF8AC350-A45E-4D72-A55D-9FFE355E9E66}"
EndProject
Project("{2150E333-8FDC-42A3-9474-1A3956D46DE8}") = "2. Virtual Memory", "2. Virtual Memory", "{C8483999-6886-47C5-83F3-48C226FE1C8A}"
EndProject
Project("{2150E333-8FDC-42A3-9474-1A3956D46DE8}") = "3. Storage Engine", "3. Storage Engine", "{27A27BFC-3001-48FE-855F-CF8B27D889B9}"
EndProject
Project("{FAE04EC0-301F-11D3-BF4B-00C04F79EFBC}") = "Zen.Trunk.StorageEngine.Query", "src\Zen.Trunk.StorageEngine.Query\Zen.Trunk.StorageEngine.Query.csproj", "{97135039-F5B3-4BCA-9360-E14B1505680D}"
EndProject
Project("{FAE04EC0-301F-11D3-BF4B-00C04F79EFBC}") = "Zen.Trunk.StorageEngine.Query.Tests", "src\Zen.Trunk.StorageEngine.Query.Tests\Zen.Trunk.StorageEngine.Query.Tests.csproj", "{20A4DC8B-3068-416B-B581-94C243072740}"
EndProject
Global
	GlobalSection(SolutionConfigurationPlatforms) = preSolution
		Debug|Any CPU = Debug|Any CPU
		Debug|x64 = Debug|x64
		Debug|x86 = Debug|x86
		Release|Any CPU = Release|Any CPU
		Release|x64 = Release|x64
		Release|x86 = Release|x86
	EndGlobalSection
	GlobalSection(ProjectConfigurationPlatforms) = postSolution
		{F7ED3F65-BFE8-4949-8BDE-494F12CC30C6}.Debug|Any CPU.ActiveCfg = Debug|x86
		{F7ED3F65-BFE8-4949-8BDE-494F12CC30C6}.Debug|x64.ActiveCfg = Debug|x64
		{F7ED3F65-BFE8-4949-8BDE-494F12CC30C6}.Debug|x64.Build.0 = Debug|x64
		{F7ED3F65-BFE8-4949-8BDE-494F12CC30C6}.Debug|x86.ActiveCfg = Debug|x86
		{F7ED3F65-BFE8-4949-8BDE-494F12CC30C6}.Debug|x86.Build.0 = Debug|x86
		{F7ED3F65-BFE8-4949-8BDE-494F12CC30C6}.Release|Any CPU.ActiveCfg = Release|x86
		{F7ED3F65-BFE8-4949-8BDE-494F12CC30C6}.Release|x64.ActiveCfg = Release|x64
		{F7ED3F65-BFE8-4949-8BDE-494F12CC30C6}.Release|x64.Build.0 = Release|x64
		{F7ED3F65-BFE8-4949-8BDE-494F12CC30C6}.Release|x86.ActiveCfg = Release|x86
		{F7ED3F65-BFE8-4949-8BDE-494F12CC30C6}.Release|x86.Build.0 = Release|x86
		{837F9DBD-7E29-4237-ADD9-1BD32FEF964A}.Debug|Any CPU.ActiveCfg = Debug|x86
		{837F9DBD-7E29-4237-ADD9-1BD32FEF964A}.Debug|x64.ActiveCfg = Debug|x64
		{837F9DBD-7E29-4237-ADD9-1BD32FEF964A}.Debug|x64.Build.0 = Debug|x64
		{837F9DBD-7E29-4237-ADD9-1BD32FEF964A}.Debug|x86.ActiveCfg = Debug|x86
		{837F9DBD-7E29-4237-ADD9-1BD32FEF964A}.Debug|x86.Build.0 = Debug|x86
		{837F9DBD-7E29-4237-ADD9-1BD32FEF964A}.Release|Any CPU.ActiveCfg = Release|x86
		{837F9DBD-7E29-4237-ADD9-1BD32FEF964A}.Release|x64.ActiveCfg = Release|x64
		{837F9DBD-7E29-4237-ADD9-1BD32FEF964A}.Release|x64.Build.0 = Release|x64
		{837F9DBD-7E29-4237-ADD9-1BD32FEF964A}.Release|x86.ActiveCfg = Release|x86
		{837F9DBD-7E29-4237-ADD9-1BD32FEF964A}.Release|x86.Build.0 = Release|x86
		{2F2A3E61-960A-4DA0-A087-D45C89B33099}.Debug|Any CPU.ActiveCfg = Debug|x86
		{2F2A3E61-960A-4DA0-A087-D45C89B33099}.Debug|x64.ActiveCfg = Debug|x64
		{2F2A3E61-960A-4DA0-A087-D45C89B33099}.Debug|x64.Build.0 = Debug|x64
		{2F2A3E61-960A-4DA0-A087-D45C89B33099}.Debug|x86.ActiveCfg = Debug|x86
		{2F2A3E61-960A-4DA0-A087-D45C89B33099}.Debug|x86.Build.0 = Debug|x86
		{2F2A3E61-960A-4DA0-A087-D45C89B33099}.Release|Any CPU.ActiveCfg = Release|x86
		{2F2A3E61-960A-4DA0-A087-D45C89B33099}.Release|x64.ActiveCfg = Release|x64
		{2F2A3E61-960A-4DA0-A087-D45C89B33099}.Release|x64.Build.0 = Release|x64
		{2F2A3E61-960A-4DA0-A087-D45C89B33099}.Release|x86.ActiveCfg = Release|x86
		{2F2A3E61-960A-4DA0-A087-D45C89B33099}.Release|x86.Build.0 = Release|x86
		{665652E5-B6F9-42AB-8C93-11B4EE8DDBA5}.Debug|Any CPU.ActiveCfg = Debug|x86
		{665652E5-B6F9-42AB-8C93-11B4EE8DDBA5}.Debug|x64.ActiveCfg = Debug|x64
		{665652E5-B6F9-42AB-8C93-11B4EE8DDBA5}.Debug|x64.Build.0 = Debug|x64
		{665652E5-B6F9-42AB-8C93-11B4EE8DDBA5}.Debug|x86.ActiveCfg = Debug|x86
		{665652E5-B6F9-42AB-8C93-11B4EE8DDBA5}.Debug|x86.Build.0 = Debug|x86
		{665652E5-B6F9-42AB-8C93-11B4EE8DDBA5}.Release|Any CPU.ActiveCfg = Release|x86
		{665652E5-B6F9-42AB-8C93-11B4EE8DDBA5}.Release|x64.ActiveCfg = Release|x64
		{665652E5-B6F9-42AB-8C93-11B4EE8DDBA5}.Release|x64.Build.0 = Release|x64
		{665652E5-B6F9-42AB-8C93-11B4EE8DDBA5}.Release|x86.ActiveCfg = Release|x86
		{665652E5-B6F9-42AB-8C93-11B4EE8DDBA5}.Release|x86.Build.0 = Release|x86
		{07E7D6A1-141E-45DB-B557-30425540BE14}.Debug|Any CPU.ActiveCfg = Debug|x86
		{07E7D6A1-141E-45DB-B557-30425540BE14}.Debug|x64.ActiveCfg = Debug|x64
		{07E7D6A1-141E-45DB-B557-30425540BE14}.Debug|x64.Build.0 = Debug|x64
		{07E7D6A1-141E-45DB-B557-30425540BE14}.Debug|x86.ActiveCfg = Debug|x86
		{07E7D6A1-141E-45DB-B557-30425540BE14}.Debug|x86.Build.0 = Debug|x86
		{07E7D6A1-141E-45DB-B557-30425540BE14}.Release|Any CPU.ActiveCfg = Release|x86
		{07E7D6A1-141E-45DB-B557-30425540BE14}.Release|x64.ActiveCfg = Release|x64
		{07E7D6A1-141E-45DB-B557-30425540BE14}.Release|x64.Build.0 = Release|x64
		{07E7D6A1-141E-45DB-B557-30425540BE14}.Release|x86.ActiveCfg = Release|x86
		{07E7D6A1-141E-45DB-B557-30425540BE14}.Release|x86.Build.0 = Release|x86
		{97135039-F5B3-4BCA-9360-E14B1505680D}.Debug|Any CPU.ActiveCfg = Debug|x86
		{97135039-F5B3-4BCA-9360-E14B1505680D}.Debug|x64.ActiveCfg = Debug|x64
		{97135039-F5B3-4BCA-9360-E14B1505680D}.Debug|x64.Build.0 = Debug|x64
		{97135039-F5B3-4BCA-9360-E14B1505680D}.Debug|x86.ActiveCfg = Debug|x86
		{97135039-F5B3-4BCA-9360-E14B1505680D}.Debug|x86.Build.0 = Debug|x86
		{97135039-F5B3-4BCA-9360-E14B1505680D}.Release|Any CPU.ActiveCfg = Release|x86
		{97135039-F5B3-4BCA-9360-E14B1505680D}.Release|x64.ActiveCfg = Release|x64
		{97135039-F5B3-4BCA-9360-E14B1505680D}.Release|x64.Build.0 = Release|x64
		{97135039-F5B3-4BCA-9360-E14B1505680D}.Release|x86.ActiveCfg = Release|x86
		{97135039-F5B3-4BCA-9360-E14B1505680D}.Release|x86.Build.0 = Release|x86
		{20A4DC8B-3068-416B-B581-94C243072740}.Debug|Any CPU.ActiveCfg = Debug|Any CPU
		{20A4DC8B-3068-416B-B581-94C243072740}.Debug|Any CPU.Build.0 = Debug|Any CPU
		{20A4DC8B-3068-416B-B581-94C243072740}.Debug|x64.ActiveCfg = Debug|Any CPU
		{20A4DC8B-3068-416B-B581-94C243072740}.Debug|x64.Build.0 = Debug|Any CPU
		{20A4DC8B-3068-416B-B581-94C243072740}.Debug|x86.ActiveCfg = Debug|Any CPU
		{20A4DC8B-3068-416B-B581-94C243072740}.Debug|x86.Build.0 = Debug|Any CPU
		{20A4DC8B-3068-416B-B581-94C243072740}.Release|Any CPU.ActiveCfg = Release|Any CPU
		{20A4DC8B-3068-416B-B581-94C243072740}.Release|Any CPU.Build.0 = Release|Any CPU
		{20A4DC8B-3068-416B-B581-94C243072740}.Release|x64.ActiveCfg = Release|Any CPU
		{20A4DC8B-3068-416B-B581-94C243072740}.Release|x64.Build.0 = Release|Any CPU
		{20A4DC8B-3068-416B-B581-94C243072740}.Release|x86.ActiveCfg = Release|Any CPU
		{20A4DC8B-3068-416B-B581-94C243072740}.Release|x86.Build.0 = Release|Any CPU
	EndGlobalSection
	GlobalSection(SolutionProperties) = preSolution
		HideSolutionNode = FALSE
	EndGlobalSection
	GlobalSection(NestedProjects) = preSolution
		{F7ED3F65-BFE8-4949-8BDE-494F12CC30C6} = {CF8AC350-A45E-4D72-A55D-9FFE355E9E66}
		{837F9DBD-7E29-4237-ADD9-1BD32FEF964A} = {C8483999-6886-47C5-83F3-48C226FE1C8A}
		{2F2A3E61-960A-4DA0-A087-D45C89B33099} = {27A27BFC-3001-48FE-855F-CF8B27D889B9}
		{665652E5-B6F9-42AB-8C93-11B4EE8DDBA5} = {C8483999-6886-47C5-83F3-48C226FE1C8A}
		{07E7D6A1-141E-45DB-B557-30425540BE14} = {27A27BFC-3001-48FE-855F-CF8B27D889B9}
		{97135039-F5B3-4BCA-9360-E14B1505680D} = {27A27BFC-3001-48FE-855F-CF8B27D889B9}
		{20A4DC8B-3068-416B-B581-94C243072740} = {27A27BFC-3001-48FE-855F-CF8B27D889B9}
	EndGlobalSection
EndGlobal
