
Microsoft Visual Studio Solution File, Format Version 12.00
# Visual Studio Version 16
VisualStudioVersion = 16.0.29806.167
MinimumVisualStudioVersion = 10.0.40219.1
Project("{2150E333-8FDC-42A3-9474-1A3956D46DE8}") = "1. Infrastructure", "1. Infrastructure", "{CF8AC350-A45E-4D72-A55D-9FFE355E9E66}"
EndProject
Project("{2150E333-8FDC-42A3-9474-1A3956D46DE8}") = "2. Virtual Memory", "2. Virtual Memory", "{C8483999-6886-47C5-83F3-48C226FE1C8A}"
EndProject
Project("{2150E333-8FDC-42A3-9474-1A3956D46DE8}") = "3. Storage Engine", "3. Storage Engine", "{27A27BFC-3001-48FE-855F-CF8B27D889B9}"
EndProject
Project("{2150E333-8FDC-42A3-9474-1A3956D46DE8}") = "4. Ancillary Modules", "4. Ancillary Modules", "{777437E9-C50D-4843-99D3-C2CBEA39F6E6}"
EndProject
Project("{2150E333-8FDC-42A3-9474-1A3956D46DE8}") = "5. Service", "5. Service", "{0498DA78-17E0-4BD2-AD40-EDD8F20F72B6}"
EndProject
Project("{2150E333-8FDC-42A3-9474-1A3956D46DE8}") = "7. Client", "7. Client", "{12F11310-E053-4D38-868F-084E97254879}"
EndProject
Project("{FAE04EC0-301F-11D3-BF4B-00C04F79EFBC}") = "Zen.Trunk.NativeClient", "Zen.Trunk.NativeClient\Zen.Trunk.NativeClient.csproj", "{734B6979-3798-4B0F-A6F9-80088DBB0FEF}"
EndProject
Project("{2150E333-8FDC-42A3-9474-1A3956D46DE8}") = "Solution Items", "Solution Items", "{FF77FABA-A800-49A0-997B-411A721653FA}"
	ProjectSection(SolutionItems) = preProject
		..\README.md = ..\README.md
	EndProjectSection
EndProject
Project("{9A19103F-16F7-4668-BE54-9A1E7A4F7556}") = "Zen.TrunkNext.IO", "Zen.Trunk.IO\Zen.TrunkNext.IO.csproj", "{3DA93E75-4FE4-45EC-85F9-8246CA1DFA75}"
EndProject
Project("{9A19103F-16F7-4668-BE54-9A1E7A4F7556}") = "Zen.TrunkNext.Utilities", "Zen.Trunk.Utilities\Zen.TrunkNext.Utilities.csproj", "{9FDF0927-7FC5-41E7-9EC6-D0281D54D85D}"
EndProject
Project("{9A19103F-16F7-4668-BE54-9A1E7A4F7556}") = "Zen.TrunkNext.VirtualMemory", "Zen.Trunk.VirtualMemory\Zen.TrunkNext.VirtualMemory.csproj", "{7C2D736A-811A-4E54-B218-A8CE9BDA5EAF}"
EndProject
Project("{9A19103F-16F7-4668-BE54-9A1E7A4F7556}") = "Zen.TrunkNext.VirtualMemory.Autofac", "Zen.Trunk.VirtualMemory.Autofac\Zen.TrunkNext.VirtualMemory.Autofac.csproj", "{2A081EA8-D186-46D8-BA4A-4C60C454E0F4}"
EndProject
Project("{9A19103F-16F7-4668-BE54-9A1E7A4F7556}") = "Zen.TrunkNext.VirtualMemory.Identifiers", "Zen.Trunk.VirtualMemory.Identifiers\Zen.TrunkNext.VirtualMemory.Identifiers.csproj", "{9FEB77E6-02E3-4B4D-BE72-CD466FB05892}"
EndProject
Project("{9A19103F-16F7-4668-BE54-9A1E7A4F7556}") = "Zen.TrunkNext.VirtualMemory.Interfaces", "Zen.Trunk.VirtualMemory.Interfaces\Zen.TrunkNext.VirtualMemory.Interfaces.csproj", "{22CB9E60-5D72-441F-BB41-D16E433CABF8}"
EndProject
Project("{9A19103F-16F7-4668-BE54-9A1E7A4F7556}") = "Zen.TrunkNext.StorageEngine", "Zen.Trunk.StorageEngine\Zen.TrunkNext.StorageEngine.csproj", "{6D6A8E0E-A6B2-4908-80F2-B576DCC032CD}"
EndProject
Project("{9A19103F-16F7-4668-BE54-9A1E7A4F7556}") = "Zen.TrunkNext.VirtualMemory.Tests", "Zen.Trunk.VirtualMemory.Tests\Zen.TrunkNext.VirtualMemory.Tests.csproj", "{78BE1318-69AD-40E1-B15A-1E806ACD87D9}"
EndProject
Project("{9A19103F-16F7-4668-BE54-9A1E7A4F7556}") = "Zen.TrunkNext.StorageEngine.BufferFields", "Zen.Trunk.StorageEngine.BufferFields\Zen.TrunkNext.StorageEngine.BufferFields.csproj", "{C78EC4E9-2006-4BC0-B40F-C78B85A67341}"
EndProject
Project("{9A19103F-16F7-4668-BE54-9A1E7A4F7556}") = "Zen.TrunkNext.StorageEngine.Identifiers", "Zen.Trunk.StorageEngine.Identifiers\Zen.TrunkNext.StorageEngine.Identifiers.csproj", "{A9E3B358-3B3B-4220-87DB-27ECD0FC5550}"
EndProject
Project("{9A19103F-16F7-4668-BE54-9A1E7A4F7556}") = "Zen.TrunkNext.StorageEngine.Interfaces", "Zen.Trunk.StorageEngine.Interfaces\Zen.TrunkNext.StorageEngine.Interfaces.csproj", "{20977F92-C5D8-4C92-ABC0-156443883C72}"
EndProject
Project("{9A19103F-16F7-4668-BE54-9A1E7A4F7556}") = "Zen.TrunkNext.Network", "Zen.Trunk.Network\Zen.TrunkNext.Network.csproj", "{A0783695-36B7-4F41-A096-8449EF012663}"
EndProject
Project("{9A19103F-16F7-4668-BE54-9A1E7A4F7556}") = "Zen.TrunkNext.Query", "Zen.Trunk.Query\Zen.TrunkNext.Query.csproj", "{C9FC2527-1D70-4B3D-826B-A46B2F136457}"
EndProject
Project("{9A19103F-16F7-4668-BE54-9A1E7A4F7556}") = "Zen.TrunkNext.Service", "Zen.Trunk.Service\Zen.TrunkNext.Service.csproj", "{6F9ECD84-E754-4C53-B72F-20A7B3F5B6E6}"
EndProject
Project("{9A19103F-16F7-4668-BE54-9A1E7A4F7556}") = "Zen.TrunkNext.Query.Tests", "Zen.Trunk.Query.Tests\Zen.TrunkNext.Query.Tests.csproj", "{FE566766-7A36-4E9A-8A3A-F2295962EBE3}"
EndProject
Project("{9A19103F-16F7-4668-BE54-9A1E7A4F7556}") = "Zen.TrunkNext.StorageEngine.Tests", "Zen.Trunk.StorageEngine.Tests\Zen.TrunkNext.StorageEngine.Tests.csproj", "{F7960F06-91DA-4C58-AA75-5476CBA3310C}"
EndProject
Global
	GlobalSection(SolutionConfigurationPlatforms) = preSolution
		Debug|Any CPU = Debug|Any CPU
		Debug|x64 = Debug|x64
		Debug|x86 = Debug|x86
		Release|Any CPU = Release|Any CPU
		Release|x64 = Release|x64
		Release|x86 = Release|x86
		Wix Release|Any CPU = Wix Release|Any CPU
		Wix Release|x64 = Wix Release|x64
		Wix Release|x86 = Wix Release|x86
	EndGlobalSection
	GlobalSection(ProjectConfigurationPlatforms) = postSolution
		{734B6979-3798-4B0F-A6F9-80088DBB0FEF}.Debug|Any CPU.ActiveCfg = Debug|Any CPU
		{734B6979-3798-4B0F-A6F9-80088DBB0FEF}.Debug|Any CPU.Build.0 = Debug|Any CPU
		{734B6979-3798-4B0F-A6F9-80088DBB0FEF}.Debug|x64.ActiveCfg = Debug|x64
		{734B6979-3798-4B0F-A6F9-80088DBB0FEF}.Debug|x64.Build.0 = Debug|x64
		{734B6979-3798-4B0F-A6F9-80088DBB0FEF}.Debug|x86.ActiveCfg = Debug|x86
		{734B6979-3798-4B0F-A6F9-80088DBB0FEF}.Debug|x86.Build.0 = Debug|x86
		{734B6979-3798-4B0F-A6F9-80088DBB0FEF}.Release|Any CPU.ActiveCfg = Release|Any CPU
		{734B6979-3798-4B0F-A6F9-80088DBB0FEF}.Release|Any CPU.Build.0 = Release|Any CPU
		{734B6979-3798-4B0F-A6F9-80088DBB0FEF}.Release|x64.ActiveCfg = Release|Any CPU
		{734B6979-3798-4B0F-A6F9-80088DBB0FEF}.Release|x64.Build.0 = Release|Any CPU
		{734B6979-3798-4B0F-A6F9-80088DBB0FEF}.Release|x86.ActiveCfg = Release|Any CPU
		{734B6979-3798-4B0F-A6F9-80088DBB0FEF}.Release|x86.Build.0 = Release|Any CPU
		{734B6979-3798-4B0F-A6F9-80088DBB0FEF}.Wix Release|Any CPU.ActiveCfg = Release|Any CPU
		{734B6979-3798-4B0F-A6F9-80088DBB0FEF}.Wix Release|Any CPU.Build.0 = Release|Any CPU
		{734B6979-3798-4B0F-A6F9-80088DBB0FEF}.Wix Release|x64.ActiveCfg = Release|Any CPU
		{734B6979-3798-4B0F-A6F9-80088DBB0FEF}.Wix Release|x64.Build.0 = Release|Any CPU
		{734B6979-3798-4B0F-A6F9-80088DBB0FEF}.Wix Release|x86.ActiveCfg = Release|Any CPU
		{734B6979-3798-4B0F-A6F9-80088DBB0FEF}.Wix Release|x86.Build.0 = Release|Any CPU
		{3DA93E75-4FE4-45EC-85F9-8246CA1DFA75}.Debug|Any CPU.ActiveCfg = Debug|Any CPU
		{3DA93E75-4FE4-45EC-85F9-8246CA1DFA75}.Debug|Any CPU.Build.0 = Debug|Any CPU
		{3DA93E75-4FE4-45EC-85F9-8246CA1DFA75}.Debug|x64.ActiveCfg = Debug|Any CPU
		{3DA93E75-4FE4-45EC-85F9-8246CA1DFA75}.Debug|x64.Build.0 = Debug|Any CPU
		{3DA93E75-4FE4-45EC-85F9-8246CA1DFA75}.Debug|x86.ActiveCfg = Debug|Any CPU
		{3DA93E75-4FE4-45EC-85F9-8246CA1DFA75}.Debug|x86.Build.0 = Debug|Any CPU
		{3DA93E75-4FE4-45EC-85F9-8246CA1DFA75}.Release|Any CPU.ActiveCfg = Release|Any CPU
		{3DA93E75-4FE4-45EC-85F9-8246CA1DFA75}.Release|Any CPU.Build.0 = Release|Any CPU
		{3DA93E75-4FE4-45EC-85F9-8246CA1DFA75}.Release|x64.ActiveCfg = Release|Any CPU
		{3DA93E75-4FE4-45EC-85F9-8246CA1DFA75}.Release|x64.Build.0 = Release|Any CPU
		{3DA93E75-4FE4-45EC-85F9-8246CA1DFA75}.Release|x86.ActiveCfg = Release|Any CPU
		{3DA93E75-4FE4-45EC-85F9-8246CA1DFA75}.Release|x86.Build.0 = Release|Any CPU
		{3DA93E75-4FE4-45EC-85F9-8246CA1DFA75}.Wix Release|Any CPU.ActiveCfg = Release|Any CPU
		{3DA93E75-4FE4-45EC-85F9-8246CA1DFA75}.Wix Release|Any CPU.Build.0 = Release|Any CPU
		{3DA93E75-4FE4-45EC-85F9-8246CA1DFA75}.Wix Release|x64.ActiveCfg = Release|Any CPU
		{3DA93E75-4FE4-45EC-85F9-8246CA1DFA75}.Wix Release|x64.Build.0 = Release|Any CPU
		{3DA93E75-4FE4-45EC-85F9-8246CA1DFA75}.Wix Release|x86.ActiveCfg = Release|Any CPU
		{3DA93E75-4FE4-45EC-85F9-8246CA1DFA75}.Wix Release|x86.Build.0 = Release|Any CPU
		{9FDF0927-7FC5-41E7-9EC6-D0281D54D85D}.Debug|Any CPU.ActiveCfg = Debug|Any CPU
		{9FDF0927-7FC5-41E7-9EC6-D0281D54D85D}.Debug|Any CPU.Build.0 = Debug|Any CPU
		{9FDF0927-7FC5-41E7-9EC6-D0281D54D85D}.Debug|x64.ActiveCfg = Debug|Any CPU
		{9FDF0927-7FC5-41E7-9EC6-D0281D54D85D}.Debug|x64.Build.0 = Debug|Any CPU
		{9FDF0927-7FC5-41E7-9EC6-D0281D54D85D}.Debug|x86.ActiveCfg = Debug|Any CPU
		{9FDF0927-7FC5-41E7-9EC6-D0281D54D85D}.Debug|x86.Build.0 = Debug|Any CPU
		{9FDF0927-7FC5-41E7-9EC6-D0281D54D85D}.Release|Any CPU.ActiveCfg = Release|Any CPU
		{9FDF0927-7FC5-41E7-9EC6-D0281D54D85D}.Release|Any CPU.Build.0 = Release|Any CPU
		{9FDF0927-7FC5-41E7-9EC6-D0281D54D85D}.Release|x64.ActiveCfg = Release|Any CPU
		{9FDF0927-7FC5-41E7-9EC6-D0281D54D85D}.Release|x64.Build.0 = Release|Any CPU
		{9FDF0927-7FC5-41E7-9EC6-D0281D54D85D}.Release|x86.ActiveCfg = Release|Any CPU
		{9FDF0927-7FC5-41E7-9EC6-D0281D54D85D}.Release|x86.Build.0 = Release|Any CPU
		{9FDF0927-7FC5-41E7-9EC6-D0281D54D85D}.Wix Release|Any CPU.ActiveCfg = Release|Any CPU
		{9FDF0927-7FC5-41E7-9EC6-D0281D54D85D}.Wix Release|Any CPU.Build.0 = Release|Any CPU
		{9FDF0927-7FC5-41E7-9EC6-D0281D54D85D}.Wix Release|x64.ActiveCfg = Release|Any CPU
		{9FDF0927-7FC5-41E7-9EC6-D0281D54D85D}.Wix Release|x64.Build.0 = Release|Any CPU
		{9FDF0927-7FC5-41E7-9EC6-D0281D54D85D}.Wix Release|x86.ActiveCfg = Release|Any CPU
		{9FDF0927-7FC5-41E7-9EC6-D0281D54D85D}.Wix Release|x86.Build.0 = Release|Any CPU
		{7C2D736A-811A-4E54-B218-A8CE9BDA5EAF}.Debug|Any CPU.ActiveCfg = Debug|Any CPU
		{7C2D736A-811A-4E54-B218-A8CE9BDA5EAF}.Debug|Any CPU.Build.0 = Debug|Any CPU
		{7C2D736A-811A-4E54-B218-A8CE9BDA5EAF}.Debug|x64.ActiveCfg = Debug|Any CPU
		{7C2D736A-811A-4E54-B218-A8CE9BDA5EAF}.Debug|x64.Build.0 = Debug|Any CPU
		{7C2D736A-811A-4E54-B218-A8CE9BDA5EAF}.Debug|x86.ActiveCfg = Debug|Any CPU
		{7C2D736A-811A-4E54-B218-A8CE9BDA5EAF}.Debug|x86.Build.0 = Debug|Any CPU
		{7C2D736A-811A-4E54-B218-A8CE9BDA5EAF}.Release|Any CPU.ActiveCfg = Release|Any CPU
		{7C2D736A-811A-4E54-B218-A8CE9BDA5EAF}.Release|Any CPU.Build.0 = Release|Any CPU
		{7C2D736A-811A-4E54-B218-A8CE9BDA5EAF}.Release|x64.ActiveCfg = Release|Any CPU
		{7C2D736A-811A-4E54-B218-A8CE9BDA5EAF}.Release|x64.Build.0 = Release|Any CPU
		{7C2D736A-811A-4E54-B218-A8CE9BDA5EAF}.Release|x86.ActiveCfg = Release|Any CPU
		{7C2D736A-811A-4E54-B218-A8CE9BDA5EAF}.Release|x86.Build.0 = Release|Any CPU
		{7C2D736A-811A-4E54-B218-A8CE9BDA5EAF}.Wix Release|Any CPU.ActiveCfg = Release|Any CPU
		{7C2D736A-811A-4E54-B218-A8CE9BDA5EAF}.Wix Release|Any CPU.Build.0 = Release|Any CPU
		{7C2D736A-811A-4E54-B218-A8CE9BDA5EAF}.Wix Release|x64.ActiveCfg = Release|Any CPU
		{7C2D736A-811A-4E54-B218-A8CE9BDA5EAF}.Wix Release|x64.Build.0 = Release|Any CPU
		{7C2D736A-811A-4E54-B218-A8CE9BDA5EAF}.Wix Release|x86.ActiveCfg = Release|Any CPU
		{7C2D736A-811A-4E54-B218-A8CE9BDA5EAF}.Wix Release|x86.Build.0 = Release|Any CPU
		{2A081EA8-D186-46D8-BA4A-4C60C454E0F4}.Debug|Any CPU.ActiveCfg = Debug|Any CPU
		{2A081EA8-D186-46D8-BA4A-4C60C454E0F4}.Debug|Any CPU.Build.0 = Debug|Any CPU
		{2A081EA8-D186-46D8-BA4A-4C60C454E0F4}.Debug|x64.ActiveCfg = Debug|Any CPU
		{2A081EA8-D186-46D8-BA4A-4C60C454E0F4}.Debug|x64.Build.0 = Debug|Any CPU
		{2A081EA8-D186-46D8-BA4A-4C60C454E0F4}.Debug|x86.ActiveCfg = Debug|Any CPU
		{2A081EA8-D186-46D8-BA4A-4C60C454E0F4}.Debug|x86.Build.0 = Debug|Any CPU
		{2A081EA8-D186-46D8-BA4A-4C60C454E0F4}.Release|Any CPU.ActiveCfg = Release|Any CPU
		{2A081EA8-D186-46D8-BA4A-4C60C454E0F4}.Release|Any CPU.Build.0 = Release|Any CPU
		{2A081EA8-D186-46D8-BA4A-4C60C454E0F4}.Release|x64.ActiveCfg = Release|Any CPU
		{2A081EA8-D186-46D8-BA4A-4C60C454E0F4}.Release|x64.Build.0 = Release|Any CPU
		{2A081EA8-D186-46D8-BA4A-4C60C454E0F4}.Release|x86.ActiveCfg = Release|Any CPU
		{2A081EA8-D186-46D8-BA4A-4C60C454E0F4}.Release|x86.Build.0 = Release|Any CPU
		{2A081EA8-D186-46D8-BA4A-4C60C454E0F4}.Wix Release|Any CPU.ActiveCfg = Release|Any CPU
		{2A081EA8-D186-46D8-BA4A-4C60C454E0F4}.Wix Release|Any CPU.Build.0 = Release|Any CPU
		{2A081EA8-D186-46D8-BA4A-4C60C454E0F4}.Wix Release|x64.ActiveCfg = Release|Any CPU
		{2A081EA8-D186-46D8-BA4A-4C60C454E0F4}.Wix Release|x64.Build.0 = Release|Any CPU
		{2A081EA8-D186-46D8-BA4A-4C60C454E0F4}.Wix Release|x86.ActiveCfg = Release|Any CPU
		{2A081EA8-D186-46D8-BA4A-4C60C454E0F4}.Wix Release|x86.Build.0 = Release|Any CPU
		{9FEB77E6-02E3-4B4D-BE72-CD466FB05892}.Debug|Any CPU.ActiveCfg = Debug|Any CPU
		{9FEB77E6-02E3-4B4D-BE72-CD466FB05892}.Debug|Any CPU.Build.0 = Debug|Any CPU
		{9FEB77E6-02E3-4B4D-BE72-CD466FB05892}.Debug|x64.ActiveCfg = Debug|Any CPU
		{9FEB77E6-02E3-4B4D-BE72-CD466FB05892}.Debug|x64.Build.0 = Debug|Any CPU
		{9FEB77E6-02E3-4B4D-BE72-CD466FB05892}.Debug|x86.ActiveCfg = Debug|Any CPU
		{9FEB77E6-02E3-4B4D-BE72-CD466FB05892}.Debug|x86.Build.0 = Debug|Any CPU
		{9FEB77E6-02E3-4B4D-BE72-CD466FB05892}.Release|Any CPU.ActiveCfg = Release|Any CPU
		{9FEB77E6-02E3-4B4D-BE72-CD466FB05892}.Release|Any CPU.Build.0 = Release|Any CPU
		{9FEB77E6-02E3-4B4D-BE72-CD466FB05892}.Release|x64.ActiveCfg = Release|Any CPU
		{9FEB77E6-02E3-4B4D-BE72-CD466FB05892}.Release|x64.Build.0 = Release|Any CPU
		{9FEB77E6-02E3-4B4D-BE72-CD466FB05892}.Release|x86.ActiveCfg = Release|Any CPU
		{9FEB77E6-02E3-4B4D-BE72-CD466FB05892}.Release|x86.Build.0 = Release|Any CPU
		{9FEB77E6-02E3-4B4D-BE72-CD466FB05892}.Wix Release|Any CPU.ActiveCfg = Release|Any CPU
		{9FEB77E6-02E3-4B4D-BE72-CD466FB05892}.Wix Release|Any CPU.Build.0 = Release|Any CPU
		{9FEB77E6-02E3-4B4D-BE72-CD466FB05892}.Wix Release|x64.ActiveCfg = Release|Any CPU
		{9FEB77E6-02E3-4B4D-BE72-CD466FB05892}.Wix Release|x64.Build.0 = Release|Any CPU
		{9FEB77E6-02E3-4B4D-BE72-CD466FB05892}.Wix Release|x86.ActiveCfg = Release|Any CPU
		{9FEB77E6-02E3-4B4D-BE72-CD466FB05892}.Wix Release|x86.Build.0 = Release|Any CPU
		{22CB9E60-5D72-441F-BB41-D16E433CABF8}.Debug|Any CPU.ActiveCfg = Debug|Any CPU
		{22CB9E60-5D72-441F-BB41-D16E433CABF8}.Debug|Any CPU.Build.0 = Debug|Any CPU
		{22CB9E60-5D72-441F-BB41-D16E433CABF8}.Debug|x64.ActiveCfg = Debug|Any CPU
		{22CB9E60-5D72-441F-BB41-D16E433CABF8}.Debug|x64.Build.0 = Debug|Any CPU
		{22CB9E60-5D72-441F-BB41-D16E433CABF8}.Debug|x86.ActiveCfg = Debug|Any CPU
		{22CB9E60-5D72-441F-BB41-D16E433CABF8}.Debug|x86.Build.0 = Debug|Any CPU
		{22CB9E60-5D72-441F-BB41-D16E433CABF8}.Release|Any CPU.ActiveCfg = Release|Any CPU
		{22CB9E60-5D72-441F-BB41-D16E433CABF8}.Release|Any CPU.Build.0 = Release|Any CPU
		{22CB9E60-5D72-441F-BB41-D16E433CABF8}.Release|x64.ActiveCfg = Release|Any CPU
		{22CB9E60-5D72-441F-BB41-D16E433CABF8}.Release|x64.Build.0 = Release|Any CPU
		{22CB9E60-5D72-441F-BB41-D16E433CABF8}.Release|x86.ActiveCfg = Release|Any CPU
		{22CB9E60-5D72-441F-BB41-D16E433CABF8}.Release|x86.Build.0 = Release|Any CPU
		{22CB9E60-5D72-441F-BB41-D16E433CABF8}.Wix Release|Any CPU.ActiveCfg = Release|Any CPU
		{22CB9E60-5D72-441F-BB41-D16E433CABF8}.Wix Release|Any CPU.Build.0 = Release|Any CPU
		{22CB9E60-5D72-441F-BB41-D16E433CABF8}.Wix Release|x64.ActiveCfg = Release|Any CPU
		{22CB9E60-5D72-441F-BB41-D16E433CABF8}.Wix Release|x64.Build.0 = Release|Any CPU
		{22CB9E60-5D72-441F-BB41-D16E433CABF8}.Wix Release|x86.ActiveCfg = Release|Any CPU
		{22CB9E60-5D72-441F-BB41-D16E433CABF8}.Wix Release|x86.Build.0 = Release|Any CPU
		{6D6A8E0E-A6B2-4908-80F2-B576DCC032CD}.Debug|Any CPU.ActiveCfg = Debug|Any CPU
		{6D6A8E0E-A6B2-4908-80F2-B576DCC032CD}.Debug|Any CPU.Build.0 = Debug|Any CPU
		{6D6A8E0E-A6B2-4908-80F2-B576DCC032CD}.Debug|x64.ActiveCfg = Debug|Any CPU
		{6D6A8E0E-A6B2-4908-80F2-B576DCC032CD}.Debug|x64.Build.0 = Debug|Any CPU
		{6D6A8E0E-A6B2-4908-80F2-B576DCC032CD}.Debug|x86.ActiveCfg = Debug|Any CPU
		{6D6A8E0E-A6B2-4908-80F2-B576DCC032CD}.Debug|x86.Build.0 = Debug|Any CPU
		{6D6A8E0E-A6B2-4908-80F2-B576DCC032CD}.Release|Any CPU.ActiveCfg = Release|Any CPU
		{6D6A8E0E-A6B2-4908-80F2-B576DCC032CD}.Release|Any CPU.Build.0 = Release|Any CPU
		{6D6A8E0E-A6B2-4908-80F2-B576DCC032CD}.Release|x64.ActiveCfg = Release|Any CPU
		{6D6A8E0E-A6B2-4908-80F2-B576DCC032CD}.Release|x64.Build.0 = Release|Any CPU
		{6D6A8E0E-A6B2-4908-80F2-B576DCC032CD}.Release|x86.ActiveCfg = Release|Any CPU
		{6D6A8E0E-A6B2-4908-80F2-B576DCC032CD}.Release|x86.Build.0 = Release|Any CPU
		{6D6A8E0E-A6B2-4908-80F2-B576DCC032CD}.Wix Release|Any CPU.ActiveCfg = Release|Any CPU
		{6D6A8E0E-A6B2-4908-80F2-B576DCC032CD}.Wix Release|Any CPU.Build.0 = Release|Any CPU
		{6D6A8E0E-A6B2-4908-80F2-B576DCC032CD}.Wix Release|x64.ActiveCfg = Release|Any CPU
		{6D6A8E0E-A6B2-4908-80F2-B576DCC032CD}.Wix Release|x64.Build.0 = Release|Any CPU
		{6D6A8E0E-A6B2-4908-80F2-B576DCC032CD}.Wix Release|x86.ActiveCfg = Release|Any CPU
		{6D6A8E0E-A6B2-4908-80F2-B576DCC032CD}.Wix Release|x86.Build.0 = Release|Any CPU
		{78BE1318-69AD-40E1-B15A-1E806ACD87D9}.Debug|Any CPU.ActiveCfg = Debug|Any CPU
		{78BE1318-69AD-40E1-B15A-1E806ACD87D9}.Debug|Any CPU.Build.0 = Debug|Any CPU
		{78BE1318-69AD-40E1-B15A-1E806ACD87D9}.Debug|x64.ActiveCfg = Debug|Any CPU
		{78BE1318-69AD-40E1-B15A-1E806ACD87D9}.Debug|x64.Build.0 = Debug|Any CPU
		{78BE1318-69AD-40E1-B15A-1E806ACD87D9}.Debug|x86.ActiveCfg = Debug|Any CPU
		{78BE1318-69AD-40E1-B15A-1E806ACD87D9}.Debug|x86.Build.0 = Debug|Any CPU
		{78BE1318-69AD-40E1-B15A-1E806ACD87D9}.Release|Any CPU.ActiveCfg = Release|Any CPU
		{78BE1318-69AD-40E1-B15A-1E806ACD87D9}.Release|Any CPU.Build.0 = Release|Any CPU
		{78BE1318-69AD-40E1-B15A-1E806ACD87D9}.Release|x64.ActiveCfg = Release|Any CPU
		{78BE1318-69AD-40E1-B15A-1E806ACD87D9}.Release|x64.Build.0 = Release|Any CPU
		{78BE1318-69AD-40E1-B15A-1E806ACD87D9}.Release|x86.ActiveCfg = Release|Any CPU
		{78BE1318-69AD-40E1-B15A-1E806ACD87D9}.Release|x86.Build.0 = Release|Any CPU
		{78BE1318-69AD-40E1-B15A-1E806ACD87D9}.Wix Release|Any CPU.ActiveCfg = Release|Any CPU
		{78BE1318-69AD-40E1-B15A-1E806ACD87D9}.Wix Release|Any CPU.Build.0 = Release|Any CPU
		{78BE1318-69AD-40E1-B15A-1E806ACD87D9}.Wix Release|x64.ActiveCfg = Release|Any CPU
		{78BE1318-69AD-40E1-B15A-1E806ACD87D9}.Wix Release|x64.Build.0 = Release|Any CPU
		{78BE1318-69AD-40E1-B15A-1E806ACD87D9}.Wix Release|x86.ActiveCfg = Release|Any CPU
		{78BE1318-69AD-40E1-B15A-1E806ACD87D9}.Wix Release|x86.Build.0 = Release|Any CPU
		{C78EC4E9-2006-4BC0-B40F-C78B85A67341}.Debug|Any CPU.ActiveCfg = Debug|Any CPU
		{C78EC4E9-2006-4BC0-B40F-C78B85A67341}.Debug|Any CPU.Build.0 = Debug|Any CPU
		{C78EC4E9-2006-4BC0-B40F-C78B85A67341}.Debug|x64.ActiveCfg = Debug|Any CPU
		{C78EC4E9-2006-4BC0-B40F-C78B85A67341}.Debug|x64.Build.0 = Debug|Any CPU
		{C78EC4E9-2006-4BC0-B40F-C78B85A67341}.Debug|x86.ActiveCfg = Debug|Any CPU
		{C78EC4E9-2006-4BC0-B40F-C78B85A67341}.Debug|x86.Build.0 = Debug|Any CPU
		{C78EC4E9-2006-4BC0-B40F-C78B85A67341}.Release|Any CPU.ActiveCfg = Release|Any CPU
		{C78EC4E9-2006-4BC0-B40F-C78B85A67341}.Release|Any CPU.Build.0 = Release|Any CPU
		{C78EC4E9-2006-4BC0-B40F-C78B85A67341}.Release|x64.ActiveCfg = Release|Any CPU
		{C78EC4E9-2006-4BC0-B40F-C78B85A67341}.Release|x64.Build.0 = Release|Any CPU
		{C78EC4E9-2006-4BC0-B40F-C78B85A67341}.Release|x86.ActiveCfg = Release|Any CPU
		{C78EC4E9-2006-4BC0-B40F-C78B85A67341}.Release|x86.Build.0 = Release|Any CPU
		{C78EC4E9-2006-4BC0-B40F-C78B85A67341}.Wix Release|Any CPU.ActiveCfg = Release|Any CPU
		{C78EC4E9-2006-4BC0-B40F-C78B85A67341}.Wix Release|Any CPU.Build.0 = Release|Any CPU
		{C78EC4E9-2006-4BC0-B40F-C78B85A67341}.Wix Release|x64.ActiveCfg = Release|Any CPU
		{C78EC4E9-2006-4BC0-B40F-C78B85A67341}.Wix Release|x64.Build.0 = Release|Any CPU
		{C78EC4E9-2006-4BC0-B40F-C78B85A67341}.Wix Release|x86.ActiveCfg = Release|Any CPU
		{C78EC4E9-2006-4BC0-B40F-C78B85A67341}.Wix Release|x86.Build.0 = Release|Any CPU
		{A9E3B358-3B3B-4220-87DB-27ECD0FC5550}.Debug|Any CPU.ActiveCfg = Debug|Any CPU
		{A9E3B358-3B3B-4220-87DB-27ECD0FC5550}.Debug|Any CPU.Build.0 = Debug|Any CPU
		{A9E3B358-3B3B-4220-87DB-27ECD0FC5550}.Debug|x64.ActiveCfg = Debug|Any CPU
		{A9E3B358-3B3B-4220-87DB-27ECD0FC5550}.Debug|x64.Build.0 = Debug|Any CPU
		{A9E3B358-3B3B-4220-87DB-27ECD0FC5550}.Debug|x86.ActiveCfg = Debug|Any CPU
		{A9E3B358-3B3B-4220-87DB-27ECD0FC5550}.Debug|x86.Build.0 = Debug|Any CPU
		{A9E3B358-3B3B-4220-87DB-27ECD0FC5550}.Release|Any CPU.ActiveCfg = Release|Any CPU
		{A9E3B358-3B3B-4220-87DB-27ECD0FC5550}.Release|Any CPU.Build.0 = Release|Any CPU
		{A9E3B358-3B3B-4220-87DB-27ECD0FC5550}.Release|x64.ActiveCfg = Release|Any CPU
		{A9E3B358-3B3B-4220-87DB-27ECD0FC5550}.Release|x64.Build.0 = Release|Any CPU
		{A9E3B358-3B3B-4220-87DB-27ECD0FC5550}.Release|x86.ActiveCfg = Release|Any CPU
		{A9E3B358-3B3B-4220-87DB-27ECD0FC5550}.Release|x86.Build.0 = Release|Any CPU
		{A9E3B358-3B3B-4220-87DB-27ECD0FC5550}.Wix Release|Any CPU.ActiveCfg = Release|Any CPU
		{A9E3B358-3B3B-4220-87DB-27ECD0FC5550}.Wix Release|Any CPU.Build.0 = Release|Any CPU
		{A9E3B358-3B3B-4220-87DB-27ECD0FC5550}.Wix Release|x64.ActiveCfg = Release|Any CPU
		{A9E3B358-3B3B-4220-87DB-27ECD0FC5550}.Wix Release|x64.Build.0 = Release|Any CPU
		{A9E3B358-3B3B-4220-87DB-27ECD0FC5550}.Wix Release|x86.ActiveCfg = Release|Any CPU
		{A9E3B358-3B3B-4220-87DB-27ECD0FC5550}.Wix Release|x86.Build.0 = Release|Any CPU
		{20977F92-C5D8-4C92-ABC0-156443883C72}.Debug|Any CPU.ActiveCfg = Debug|Any CPU
		{20977F92-C5D8-4C92-ABC0-156443883C72}.Debug|Any CPU.Build.0 = Debug|Any CPU
		{20977F92-C5D8-4C92-ABC0-156443883C72}.Debug|x64.ActiveCfg = Debug|Any CPU
		{20977F92-C5D8-4C92-ABC0-156443883C72}.Debug|x64.Build.0 = Debug|Any CPU
		{20977F92-C5D8-4C92-ABC0-156443883C72}.Debug|x86.ActiveCfg = Debug|Any CPU
		{20977F92-C5D8-4C92-ABC0-156443883C72}.Debug|x86.Build.0 = Debug|Any CPU
		{20977F92-C5D8-4C92-ABC0-156443883C72}.Release|Any CPU.ActiveCfg = Release|Any CPU
		{20977F92-C5D8-4C92-ABC0-156443883C72}.Release|Any CPU.Build.0 = Release|Any CPU
		{20977F92-C5D8-4C92-ABC0-156443883C72}.Release|x64.ActiveCfg = Release|Any CPU
		{20977F92-C5D8-4C92-ABC0-156443883C72}.Release|x64.Build.0 = Release|Any CPU
		{20977F92-C5D8-4C92-ABC0-156443883C72}.Release|x86.ActiveCfg = Release|Any CPU
		{20977F92-C5D8-4C92-ABC0-156443883C72}.Release|x86.Build.0 = Release|Any CPU
		{20977F92-C5D8-4C92-ABC0-156443883C72}.Wix Release|Any CPU.ActiveCfg = Release|Any CPU
		{20977F92-C5D8-4C92-ABC0-156443883C72}.Wix Release|Any CPU.Build.0 = Release|Any CPU
		{20977F92-C5D8-4C92-ABC0-156443883C72}.Wix Release|x64.ActiveCfg = Release|Any CPU
		{20977F92-C5D8-4C92-ABC0-156443883C72}.Wix Release|x64.Build.0 = Release|Any CPU
		{20977F92-C5D8-4C92-ABC0-156443883C72}.Wix Release|x86.ActiveCfg = Release|Any CPU
		{20977F92-C5D8-4C92-ABC0-156443883C72}.Wix Release|x86.Build.0 = Release|Any CPU
		{A0783695-36B7-4F41-A096-8449EF012663}.Debug|Any CPU.ActiveCfg = Debug|Any CPU
		{A0783695-36B7-4F41-A096-8449EF012663}.Debug|Any CPU.Build.0 = Debug|Any CPU
		{A0783695-36B7-4F41-A096-8449EF012663}.Debug|x64.ActiveCfg = Debug|Any CPU
		{A0783695-36B7-4F41-A096-8449EF012663}.Debug|x64.Build.0 = Debug|Any CPU
		{A0783695-36B7-4F41-A096-8449EF012663}.Debug|x86.ActiveCfg = Debug|Any CPU
		{A0783695-36B7-4F41-A096-8449EF012663}.Debug|x86.Build.0 = Debug|Any CPU
		{A0783695-36B7-4F41-A096-8449EF012663}.Release|Any CPU.ActiveCfg = Release|Any CPU
		{A0783695-36B7-4F41-A096-8449EF012663}.Release|Any CPU.Build.0 = Release|Any CPU
		{A0783695-36B7-4F41-A096-8449EF012663}.Release|x64.ActiveCfg = Release|Any CPU
		{A0783695-36B7-4F41-A096-8449EF012663}.Release|x64.Build.0 = Release|Any CPU
		{A0783695-36B7-4F41-A096-8449EF012663}.Release|x86.ActiveCfg = Release|Any CPU
		{A0783695-36B7-4F41-A096-8449EF012663}.Release|x86.Build.0 = Release|Any CPU
		{A0783695-36B7-4F41-A096-8449EF012663}.Wix Release|Any CPU.ActiveCfg = Release|Any CPU
		{A0783695-36B7-4F41-A096-8449EF012663}.Wix Release|Any CPU.Build.0 = Release|Any CPU
		{A0783695-36B7-4F41-A096-8449EF012663}.Wix Release|x64.ActiveCfg = Release|Any CPU
		{A0783695-36B7-4F41-A096-8449EF012663}.Wix Release|x64.Build.0 = Release|Any CPU
		{A0783695-36B7-4F41-A096-8449EF012663}.Wix Release|x86.ActiveCfg = Release|Any CPU
		{A0783695-36B7-4F41-A096-8449EF012663}.Wix Release|x86.Build.0 = Release|Any CPU
		{C9FC2527-1D70-4B3D-826B-A46B2F136457}.Debug|Any CPU.ActiveCfg = Debug|Any CPU
		{C9FC2527-1D70-4B3D-826B-A46B2F136457}.Debug|Any CPU.Build.0 = Debug|Any CPU
		{C9FC2527-1D70-4B3D-826B-A46B2F136457}.Debug|x64.ActiveCfg = Debug|Any CPU
		{C9FC2527-1D70-4B3D-826B-A46B2F136457}.Debug|x64.Build.0 = Debug|Any CPU
		{C9FC2527-1D70-4B3D-826B-A46B2F136457}.Debug|x86.ActiveCfg = Debug|Any CPU
		{C9FC2527-1D70-4B3D-826B-A46B2F136457}.Debug|x86.Build.0 = Debug|Any CPU
		{C9FC2527-1D70-4B3D-826B-A46B2F136457}.Release|Any CPU.ActiveCfg = Release|Any CPU
		{C9FC2527-1D70-4B3D-826B-A46B2F136457}.Release|Any CPU.Build.0 = Release|Any CPU
		{C9FC2527-1D70-4B3D-826B-A46B2F136457}.Release|x64.ActiveCfg = Release|Any CPU
		{C9FC2527-1D70-4B3D-826B-A46B2F136457}.Release|x64.Build.0 = Release|Any CPU
		{C9FC2527-1D70-4B3D-826B-A46B2F136457}.Release|x86.ActiveCfg = Release|Any CPU
		{C9FC2527-1D70-4B3D-826B-A46B2F136457}.Release|x86.Build.0 = Release|Any CPU
		{C9FC2527-1D70-4B3D-826B-A46B2F136457}.Wix Release|Any CPU.ActiveCfg = Release|Any CPU
		{C9FC2527-1D70-4B3D-826B-A46B2F136457}.Wix Release|Any CPU.Build.0 = Release|Any CPU
		{C9FC2527-1D70-4B3D-826B-A46B2F136457}.Wix Release|x64.ActiveCfg = Release|Any CPU
		{C9FC2527-1D70-4B3D-826B-A46B2F136457}.Wix Release|x64.Build.0 = Release|Any CPU
		{C9FC2527-1D70-4B3D-826B-A46B2F136457}.Wix Release|x86.ActiveCfg = Release|Any CPU
		{C9FC2527-1D70-4B3D-826B-A46B2F136457}.Wix Release|x86.Build.0 = Release|Any CPU
		{6F9ECD84-E754-4C53-B72F-20A7B3F5B6E6}.Debug|Any CPU.ActiveCfg = Debug|Any CPU
		{6F9ECD84-E754-4C53-B72F-20A7B3F5B6E6}.Debug|Any CPU.Build.0 = Debug|Any CPU
		{6F9ECD84-E754-4C53-B72F-20A7B3F5B6E6}.Debug|x64.ActiveCfg = Debug|Any CPU
		{6F9ECD84-E754-4C53-B72F-20A7B3F5B6E6}.Debug|x64.Build.0 = Debug|Any CPU
		{6F9ECD84-E754-4C53-B72F-20A7B3F5B6E6}.Debug|x86.ActiveCfg = Debug|Any CPU
		{6F9ECD84-E754-4C53-B72F-20A7B3F5B6E6}.Debug|x86.Build.0 = Debug|Any CPU
		{6F9ECD84-E754-4C53-B72F-20A7B3F5B6E6}.Release|Any CPU.ActiveCfg = Release|Any CPU
		{6F9ECD84-E754-4C53-B72F-20A7B3F5B6E6}.Release|Any CPU.Build.0 = Release|Any CPU
		{6F9ECD84-E754-4C53-B72F-20A7B3F5B6E6}.Release|x64.ActiveCfg = Release|Any CPU
		{6F9ECD84-E754-4C53-B72F-20A7B3F5B6E6}.Release|x64.Build.0 = Release|Any CPU
		{6F9ECD84-E754-4C53-B72F-20A7B3F5B6E6}.Release|x86.ActiveCfg = Release|Any CPU
		{6F9ECD84-E754-4C53-B72F-20A7B3F5B6E6}.Release|x86.Build.0 = Release|Any CPU
		{6F9ECD84-E754-4C53-B72F-20A7B3F5B6E6}.Wix Release|Any CPU.ActiveCfg = Release|Any CPU
		{6F9ECD84-E754-4C53-B72F-20A7B3F5B6E6}.Wix Release|Any CPU.Build.0 = Release|Any CPU
		{6F9ECD84-E754-4C53-B72F-20A7B3F5B6E6}.Wix Release|x64.ActiveCfg = Release|Any CPU
		{6F9ECD84-E754-4C53-B72F-20A7B3F5B6E6}.Wix Release|x64.Build.0 = Release|Any CPU
		{6F9ECD84-E754-4C53-B72F-20A7B3F5B6E6}.Wix Release|x86.ActiveCfg = Release|Any CPU
		{6F9ECD84-E754-4C53-B72F-20A7B3F5B6E6}.Wix Release|x86.Build.0 = Release|Any CPU
		{FE566766-7A36-4E9A-8A3A-F2295962EBE3}.Debug|Any CPU.ActiveCfg = Debug|Any CPU
		{FE566766-7A36-4E9A-8A3A-F2295962EBE3}.Debug|Any CPU.Build.0 = Debug|Any CPU
		{FE566766-7A36-4E9A-8A3A-F2295962EBE3}.Debug|x64.ActiveCfg = Debug|Any CPU
		{FE566766-7A36-4E9A-8A3A-F2295962EBE3}.Debug|x64.Build.0 = Debug|Any CPU
		{FE566766-7A36-4E9A-8A3A-F2295962EBE3}.Debug|x86.ActiveCfg = Debug|Any CPU
		{FE566766-7A36-4E9A-8A3A-F2295962EBE3}.Debug|x86.Build.0 = Debug|Any CPU
		{FE566766-7A36-4E9A-8A3A-F2295962EBE3}.Release|Any CPU.ActiveCfg = Release|Any CPU
		{FE566766-7A36-4E9A-8A3A-F2295962EBE3}.Release|Any CPU.Build.0 = Release|Any CPU
		{FE566766-7A36-4E9A-8A3A-F2295962EBE3}.Release|x64.ActiveCfg = Release|Any CPU
		{FE566766-7A36-4E9A-8A3A-F2295962EBE3}.Release|x64.Build.0 = Release|Any CPU
		{FE566766-7A36-4E9A-8A3A-F2295962EBE3}.Release|x86.ActiveCfg = Release|Any CPU
		{FE566766-7A36-4E9A-8A3A-F2295962EBE3}.Release|x86.Build.0 = Release|Any CPU
		{FE566766-7A36-4E9A-8A3A-F2295962EBE3}.Wix Release|Any CPU.ActiveCfg = Release|Any CPU
		{FE566766-7A36-4E9A-8A3A-F2295962EBE3}.Wix Release|Any CPU.Build.0 = Release|Any CPU
		{FE566766-7A36-4E9A-8A3A-F2295962EBE3}.Wix Release|x64.ActiveCfg = Release|Any CPU
		{FE566766-7A36-4E9A-8A3A-F2295962EBE3}.Wix Release|x64.Build.0 = Release|Any CPU
		{FE566766-7A36-4E9A-8A3A-F2295962EBE3}.Wix Release|x86.ActiveCfg = Release|Any CPU
		{FE566766-7A36-4E9A-8A3A-F2295962EBE3}.Wix Release|x86.Build.0 = Release|Any CPU
		{F7960F06-91DA-4C58-AA75-5476CBA3310C}.Debug|Any CPU.ActiveCfg = Debug|Any CPU
		{F7960F06-91DA-4C58-AA75-5476CBA3310C}.Debug|Any CPU.Build.0 = Debug|Any CPU
		{F7960F06-91DA-4C58-AA75-5476CBA3310C}.Debug|x64.ActiveCfg = Debug|Any CPU
		{F7960F06-91DA-4C58-AA75-5476CBA3310C}.Debug|x64.Build.0 = Debug|Any CPU
		{F7960F06-91DA-4C58-AA75-5476CBA3310C}.Debug|x86.ActiveCfg = Debug|Any CPU
		{F7960F06-91DA-4C58-AA75-5476CBA3310C}.Debug|x86.Build.0 = Debug|Any CPU
		{F7960F06-91DA-4C58-AA75-5476CBA3310C}.Release|Any CPU.ActiveCfg = Release|Any CPU
		{F7960F06-91DA-4C58-AA75-5476CBA3310C}.Release|Any CPU.Build.0 = Release|Any CPU
		{F7960F06-91DA-4C58-AA75-5476CBA3310C}.Release|x64.ActiveCfg = Release|Any CPU
		{F7960F06-91DA-4C58-AA75-5476CBA3310C}.Release|x64.Build.0 = Release|Any CPU
		{F7960F06-91DA-4C58-AA75-5476CBA3310C}.Release|x86.ActiveCfg = Release|Any CPU
		{F7960F06-91DA-4C58-AA75-5476CBA3310C}.Release|x86.Build.0 = Release|Any CPU
		{F7960F06-91DA-4C58-AA75-5476CBA3310C}.Wix Release|Any CPU.ActiveCfg = Release|Any CPU
		{F7960F06-91DA-4C58-AA75-5476CBA3310C}.Wix Release|Any CPU.Build.0 = Release|Any CPU
		{F7960F06-91DA-4C58-AA75-5476CBA3310C}.Wix Release|x64.ActiveCfg = Release|Any CPU
		{F7960F06-91DA-4C58-AA75-5476CBA3310C}.Wix Release|x64.Build.0 = Release|Any CPU
		{F7960F06-91DA-4C58-AA75-5476CBA3310C}.Wix Release|x86.ActiveCfg = Release|Any CPU
		{F7960F06-91DA-4C58-AA75-5476CBA3310C}.Wix Release|x86.Build.0 = Release|Any CPU
	EndGlobalSection
	GlobalSection(SolutionProperties) = preSolution
		HideSolutionNode = FALSE
	EndGlobalSection
	GlobalSection(NestedProjects) = preSolution
		{734B6979-3798-4B0F-A6F9-80088DBB0FEF} = {12F11310-E053-4D38-868F-084E97254879}
		{3DA93E75-4FE4-45EC-85F9-8246CA1DFA75} = {CF8AC350-A45E-4D72-A55D-9FFE355E9E66}
		{9FDF0927-7FC5-41E7-9EC6-D0281D54D85D} = {CF8AC350-A45E-4D72-A55D-9FFE355E9E66}
		{7C2D736A-811A-4E54-B218-A8CE9BDA5EAF} = {C8483999-6886-47C5-83F3-48C226FE1C8A}
		{2A081EA8-D186-46D8-BA4A-4C60C454E0F4} = {C8483999-6886-47C5-83F3-48C226FE1C8A}
		{9FEB77E6-02E3-4B4D-BE72-CD466FB05892} = {C8483999-6886-47C5-83F3-48C226FE1C8A}
		{22CB9E60-5D72-441F-BB41-D16E433CABF8} = {C8483999-6886-47C5-83F3-48C226FE1C8A}
		{6D6A8E0E-A6B2-4908-80F2-B576DCC032CD} = {27A27BFC-3001-48FE-855F-CF8B27D889B9}
		{78BE1318-69AD-40E1-B15A-1E806ACD87D9} = {C8483999-6886-47C5-83F3-48C226FE1C8A}
		{C78EC4E9-2006-4BC0-B40F-C78B85A67341} = {27A27BFC-3001-48FE-855F-CF8B27D889B9}
		{A9E3B358-3B3B-4220-87DB-27ECD0FC5550} = {27A27BFC-3001-48FE-855F-CF8B27D889B9}
		{20977F92-C5D8-4C92-ABC0-156443883C72} = {27A27BFC-3001-48FE-855F-CF8B27D889B9}
		{A0783695-36B7-4F41-A096-8449EF012663} = {777437E9-C50D-4843-99D3-C2CBEA39F6E6}
		{C9FC2527-1D70-4B3D-826B-A46B2F136457} = {777437E9-C50D-4843-99D3-C2CBEA39F6E6}
		{6F9ECD84-E754-4C53-B72F-20A7B3F5B6E6} = {0498DA78-17E0-4BD2-AD40-EDD8F20F72B6}
		{FE566766-7A36-4E9A-8A3A-F2295962EBE3} = {777437E9-C50D-4843-99D3-C2CBEA39F6E6}
		{F7960F06-91DA-4C58-AA75-5476CBA3310C} = {27A27BFC-3001-48FE-855F-CF8B27D889B9}
	EndGlobalSection
	GlobalSection(ExtensibilityGlobals) = postSolution
		SolutionGuid = {0E9D191A-A996-4C39-AE60-6E4756E9BB23}
	EndGlobalSection
EndGlobal
