
Microsoft Visual Studio Solution File, Format Version 12.00
# Visual Studio 15
VisualStudioVersion = 15.0.27130.2010
MinimumVisualStudioVersion = 10.0.40219.1
Project("{FAE04EC0-301F-11D3-BF4B-00C04F79EFBC}") = "Zen.Trunk.Utilities", "Zen.Trunk.Utilities\Zen.Trunk.Utilities.csproj", "{F7ED3F65-BFE8-4949-8BDE-494F12CC30C6}"
EndProject
Project("{FAE04EC0-301F-11D3-BF4B-00C04F79EFBC}") = "Zen.Trunk.VirtualMemory", "Zen.Trunk.VirtualMemory\Zen.Trunk.VirtualMemory.csproj", "{837F9DBD-7E29-4237-ADD9-1BD32FEF964A}"
EndProject
Project("{FAE04EC0-301F-11D3-BF4B-00C04F79EFBC}") = "Zen.Trunk.StorageEngine", "Zen.Trunk.StorageEngine\Zen.Trunk.StorageEngine.csproj", "{2F2A3E61-960A-4DA0-A087-D45C89B33099}"
EndProject
Project("{FAE04EC0-301F-11D3-BF4B-00C04F79EFBC}") = "Zen.Trunk.VirtualMemory.Tests", "Zen.Trunk.VirtualMemory.Tests\Zen.Trunk.VirtualMemory.Tests.csproj", "{665652E5-B6F9-42AB-8C93-11B4EE8DDBA5}"
EndProject
Project("{FAE04EC0-301F-11D3-BF4B-00C04F79EFBC}") = "Zen.Trunk.StorageEngine.Tests", "Zen.Trunk.StorageEngine.Tests\Zen.Trunk.StorageEngine.Tests.csproj", "{07E7D6A1-141E-45DB-B557-30425540BE14}"
EndProject
Project("{2150E333-8FDC-42A3-9474-1A3956D46DE8}") = "1. Infrastructure", "1. Infrastructure", "{CF8AC350-A45E-4D72-A55D-9FFE355E9E66}"
EndProject
Project("{2150E333-8FDC-42A3-9474-1A3956D46DE8}") = "2. Virtual Memory", "2. Virtual Memory", "{C8483999-6886-47C5-83F3-48C226FE1C8A}"
EndProject
Project("{2150E333-8FDC-42A3-9474-1A3956D46DE8}") = "3. Storage Engine", "3. Storage Engine", "{27A27BFC-3001-48FE-855F-CF8B27D889B9}"
EndProject
Project("{FAE04EC0-301F-11D3-BF4B-00C04F79EFBC}") = "Zen.Trunk.Query", "Zen.Trunk.Query\Zen.Trunk.Query.csproj", "{97135039-F5B3-4BCA-9360-E14B1505680D}"
EndProject
Project("{FAE04EC0-301F-11D3-BF4B-00C04F79EFBC}") = "Zen.Trunk.Query.Tests", "Zen.Trunk.Query.Tests\Zen.Trunk.Query.Tests.csproj", "{20A4DC8B-3068-416B-B581-94C243072740}"
EndProject
Project("{FAE04EC0-301F-11D3-BF4B-00C04F79EFBC}") = "Zen.Trunk.Network", "Zen.Trunk.Network\Zen.Trunk.Network.csproj", "{D7C5DED7-F8F4-4614-8636-E364DDEB12A1}"
EndProject
Project("{FAE04EC0-301F-11D3-BF4B-00C04F79EFBC}") = "Zen.Trunk.Service", "Zen.Trunk.Service\Zen.Trunk.Service.csproj", "{A4DD21B9-92C3-4B94-AA90-0298E10D3C54}"
EndProject
Project("{2150E333-8FDC-42A3-9474-1A3956D46DE8}") = "4. Ancillary Modules", "4. Ancillary Modules", "{777437E9-C50D-4843-99D3-C2CBEA39F6E6}"
EndProject
Project("{2150E333-8FDC-42A3-9474-1A3956D46DE8}") = "5. Service", "5. Service", "{0498DA78-17E0-4BD2-AD40-EDD8F20F72B6}"
EndProject
Project("{2150E333-8FDC-42A3-9474-1A3956D46DE8}") = "7. Client", "7. Client", "{12F11310-E053-4D38-868F-084E97254879}"
EndProject
Project("{FAE04EC0-301F-11D3-BF4B-00C04F79EFBC}") = "Zen.Trunk.NativeClient", "Zen.Trunk.NativeClient\Zen.Trunk.NativeClient.csproj", "{734B6979-3798-4B0F-A6F9-80088DBB0FEF}"
EndProject
Project("{FAE04EC0-301F-11D3-BF4B-00C04F79EFBC}") = "Zen.Trunk.VirtualMemory.Autofac", "Zen.Trunk.VirtualMemory.Autofac\Zen.Trunk.VirtualMemory.Autofac.csproj", "{BF7F53BF-49D6-4675-BB8B-890AB37BF78D}"
EndProject
Project("{FAE04EC0-301F-11D3-BF4B-00C04F79EFBC}") = "Zen.Trunk.VirtualMemory.Interfaces", "Zen.Trunk.VirtualMemory.Interfaces\Zen.Trunk.VirtualMemory.Interfaces.csproj", "{837F9DBD-7E29-4237-ADD9-1BD32FEF965C}"
EndProject
Project("{FAE04EC0-301F-11D3-BF4B-00C04F79EFBC}") = "Zen.Trunk.Logging", "Zen.Trunk.Logging\Zen.Trunk.Logging.csproj", "{E7E84AA7-DAF9-4285-9F66-1EE692676B60}"
EndProject
Project("{FAE04EC0-301F-11D3-BF4B-00C04F79EFBC}") = "Zen.Trunk.IO", "Zen.Trunk.IO\Zen.Trunk.IO.csproj", "{6ABDFB09-8E8C-47F1-A0B5-A5541EAAD61B}"
EndProject
Global
	GlobalSection(SolutionConfigurationPlatforms) = preSolution
		Debug|x64 = Debug|x64
		Debug|x86 = Debug|x86
		Release|x64 = Release|x64
		Release|x86 = Release|x86
		Wix Release|x64 = Wix Release|x64
		Wix Release|x86 = Wix Release|x86
	EndGlobalSection
	GlobalSection(ProjectConfigurationPlatforms) = postSolution
		{F7ED3F65-BFE8-4949-8BDE-494F12CC30C6}.Debug|x64.ActiveCfg = Debug|x64
		{F7ED3F65-BFE8-4949-8BDE-494F12CC30C6}.Debug|x64.Build.0 = Debug|x64
		{F7ED3F65-BFE8-4949-8BDE-494F12CC30C6}.Debug|x86.ActiveCfg = Debug|x86
		{F7ED3F65-BFE8-4949-8BDE-494F12CC30C6}.Debug|x86.Build.0 = Debug|x86
		{F7ED3F65-BFE8-4949-8BDE-494F12CC30C6}.Release|x64.ActiveCfg = Release|x64
		{F7ED3F65-BFE8-4949-8BDE-494F12CC30C6}.Release|x64.Build.0 = Release|x64
		{F7ED3F65-BFE8-4949-8BDE-494F12CC30C6}.Release|x86.ActiveCfg = Release|x86
		{F7ED3F65-BFE8-4949-8BDE-494F12CC30C6}.Release|x86.Build.0 = Release|x86
		{F7ED3F65-BFE8-4949-8BDE-494F12CC30C6}.Wix Release|x64.ActiveCfg = Release|x64
		{F7ED3F65-BFE8-4949-8BDE-494F12CC30C6}.Wix Release|x64.Build.0 = Release|x64
		{F7ED3F65-BFE8-4949-8BDE-494F12CC30C6}.Wix Release|x86.ActiveCfg = Release|x86
		{F7ED3F65-BFE8-4949-8BDE-494F12CC30C6}.Wix Release|x86.Build.0 = Release|x86
		{837F9DBD-7E29-4237-ADD9-1BD32FEF964A}.Debug|x64.ActiveCfg = Debug|x64
		{837F9DBD-7E29-4237-ADD9-1BD32FEF964A}.Debug|x64.Build.0 = Debug|x64
		{837F9DBD-7E29-4237-ADD9-1BD32FEF964A}.Debug|x86.ActiveCfg = Debug|x86
		{837F9DBD-7E29-4237-ADD9-1BD32FEF964A}.Debug|x86.Build.0 = Debug|x86
		{837F9DBD-7E29-4237-ADD9-1BD32FEF964A}.Release|x64.ActiveCfg = Release|x64
		{837F9DBD-7E29-4237-ADD9-1BD32FEF964A}.Release|x64.Build.0 = Release|x64
		{837F9DBD-7E29-4237-ADD9-1BD32FEF964A}.Release|x86.ActiveCfg = Release|x86
		{837F9DBD-7E29-4237-ADD9-1BD32FEF964A}.Release|x86.Build.0 = Release|x86
		{837F9DBD-7E29-4237-ADD9-1BD32FEF964A}.Wix Release|x64.ActiveCfg = Release|x64
		{837F9DBD-7E29-4237-ADD9-1BD32FEF964A}.Wix Release|x64.Build.0 = Release|x64
		{837F9DBD-7E29-4237-ADD9-1BD32FEF964A}.Wix Release|x86.ActiveCfg = Release|x86
		{837F9DBD-7E29-4237-ADD9-1BD32FEF964A}.Wix Release|x86.Build.0 = Release|x86
		{2F2A3E61-960A-4DA0-A087-D45C89B33099}.Debug|x64.ActiveCfg = Debug|x64
		{2F2A3E61-960A-4DA0-A087-D45C89B33099}.Debug|x64.Build.0 = Debug|x64
		{2F2A3E61-960A-4DA0-A087-D45C89B33099}.Debug|x86.ActiveCfg = Debug|x86
		{2F2A3E61-960A-4DA0-A087-D45C89B33099}.Debug|x86.Build.0 = Debug|x86
		{2F2A3E61-960A-4DA0-A087-D45C89B33099}.Release|x64.ActiveCfg = Release|x64
		{2F2A3E61-960A-4DA0-A087-D45C89B33099}.Release|x64.Build.0 = Release|x64
		{2F2A3E61-960A-4DA0-A087-D45C89B33099}.Release|x86.ActiveCfg = Release|x86
		{2F2A3E61-960A-4DA0-A087-D45C89B33099}.Release|x86.Build.0 = Release|x86
		{2F2A3E61-960A-4DA0-A087-D45C89B33099}.Wix Release|x64.ActiveCfg = Release|x64
		{2F2A3E61-960A-4DA0-A087-D45C89B33099}.Wix Release|x64.Build.0 = Release|x64
		{2F2A3E61-960A-4DA0-A087-D45C89B33099}.Wix Release|x86.ActiveCfg = Release|x86
		{2F2A3E61-960A-4DA0-A087-D45C89B33099}.Wix Release|x86.Build.0 = Release|x86
		{665652E5-B6F9-42AB-8C93-11B4EE8DDBA5}.Debug|x64.ActiveCfg = Debug|x64
		{665652E5-B6F9-42AB-8C93-11B4EE8DDBA5}.Debug|x64.Build.0 = Debug|x64
		{665652E5-B6F9-42AB-8C93-11B4EE8DDBA5}.Debug|x86.ActiveCfg = Debug|x86
		{665652E5-B6F9-42AB-8C93-11B4EE8DDBA5}.Debug|x86.Build.0 = Debug|x86
		{665652E5-B6F9-42AB-8C93-11B4EE8DDBA5}.Release|x64.ActiveCfg = Release|x64
		{665652E5-B6F9-42AB-8C93-11B4EE8DDBA5}.Release|x64.Build.0 = Release|x64
		{665652E5-B6F9-42AB-8C93-11B4EE8DDBA5}.Release|x86.ActiveCfg = Release|x86
		{665652E5-B6F9-42AB-8C93-11B4EE8DDBA5}.Release|x86.Build.0 = Release|x86
		{665652E5-B6F9-42AB-8C93-11B4EE8DDBA5}.Wix Release|x64.ActiveCfg = Release|x64
		{665652E5-B6F9-42AB-8C93-11B4EE8DDBA5}.Wix Release|x64.Build.0 = Release|x64
		{665652E5-B6F9-42AB-8C93-11B4EE8DDBA5}.Wix Release|x86.ActiveCfg = Release|x86
		{665652E5-B6F9-42AB-8C93-11B4EE8DDBA5}.Wix Release|x86.Build.0 = Release|x86
		{07E7D6A1-141E-45DB-B557-30425540BE14}.Debug|x64.ActiveCfg = Debug|x64
		{07E7D6A1-141E-45DB-B557-30425540BE14}.Debug|x64.Build.0 = Debug|x64
		{07E7D6A1-141E-45DB-B557-30425540BE14}.Debug|x86.ActiveCfg = Debug|x86
		{07E7D6A1-141E-45DB-B557-30425540BE14}.Debug|x86.Build.0 = Debug|x86
		{07E7D6A1-141E-45DB-B557-30425540BE14}.Release|x64.ActiveCfg = Release|x64
		{07E7D6A1-141E-45DB-B557-30425540BE14}.Release|x64.Build.0 = Release|x64
		{07E7D6A1-141E-45DB-B557-30425540BE14}.Release|x86.ActiveCfg = Release|x86
		{07E7D6A1-141E-45DB-B557-30425540BE14}.Release|x86.Build.0 = Release|x86
		{07E7D6A1-141E-45DB-B557-30425540BE14}.Wix Release|x64.ActiveCfg = Release|x64
		{07E7D6A1-141E-45DB-B557-30425540BE14}.Wix Release|x64.Build.0 = Release|x64
		{07E7D6A1-141E-45DB-B557-30425540BE14}.Wix Release|x86.ActiveCfg = Release|x86
		{07E7D6A1-141E-45DB-B557-30425540BE14}.Wix Release|x86.Build.0 = Release|x86
		{97135039-F5B3-4BCA-9360-E14B1505680D}.Debug|x64.ActiveCfg = Debug|x64
		{97135039-F5B3-4BCA-9360-E14B1505680D}.Debug|x64.Build.0 = Debug|x64
		{97135039-F5B3-4BCA-9360-E14B1505680D}.Debug|x86.ActiveCfg = Debug|x86
		{97135039-F5B3-4BCA-9360-E14B1505680D}.Debug|x86.Build.0 = Debug|x86
		{97135039-F5B3-4BCA-9360-E14B1505680D}.Release|x64.ActiveCfg = Release|x64
		{97135039-F5B3-4BCA-9360-E14B1505680D}.Release|x64.Build.0 = Release|x64
		{97135039-F5B3-4BCA-9360-E14B1505680D}.Release|x86.ActiveCfg = Release|x86
		{97135039-F5B3-4BCA-9360-E14B1505680D}.Release|x86.Build.0 = Release|x86
		{97135039-F5B3-4BCA-9360-E14B1505680D}.Wix Release|x64.ActiveCfg = Release|x64
		{97135039-F5B3-4BCA-9360-E14B1505680D}.Wix Release|x64.Build.0 = Release|x64
		{97135039-F5B3-4BCA-9360-E14B1505680D}.Wix Release|x86.ActiveCfg = Release|x86
		{97135039-F5B3-4BCA-9360-E14B1505680D}.Wix Release|x86.Build.0 = Release|x86
		{20A4DC8B-3068-416B-B581-94C243072740}.Debug|x64.ActiveCfg = Debug|x64
		{20A4DC8B-3068-416B-B581-94C243072740}.Debug|x64.Build.0 = Debug|x64
		{20A4DC8B-3068-416B-B581-94C243072740}.Debug|x86.ActiveCfg = Debug|x86
		{20A4DC8B-3068-416B-B581-94C243072740}.Debug|x86.Build.0 = Debug|x86
		{20A4DC8B-3068-416B-B581-94C243072740}.Release|x64.ActiveCfg = Release|x64
		{20A4DC8B-3068-416B-B581-94C243072740}.Release|x64.Build.0 = Release|x64
		{20A4DC8B-3068-416B-B581-94C243072740}.Release|x86.ActiveCfg = Release|x86
		{20A4DC8B-3068-416B-B581-94C243072740}.Release|x86.Build.0 = Release|x86
		{20A4DC8B-3068-416B-B581-94C243072740}.Wix Release|x64.ActiveCfg = Release|x64
		{20A4DC8B-3068-416B-B581-94C243072740}.Wix Release|x64.Build.0 = Release|x64
		{20A4DC8B-3068-416B-B581-94C243072740}.Wix Release|x86.ActiveCfg = Release|x86
		{20A4DC8B-3068-416B-B581-94C243072740}.Wix Release|x86.Build.0 = Release|x86
		{D7C5DED7-F8F4-4614-8636-E364DDEB12A1}.Debug|x64.ActiveCfg = Debug|x64
		{D7C5DED7-F8F4-4614-8636-E364DDEB12A1}.Debug|x64.Build.0 = Debug|x64
		{D7C5DED7-F8F4-4614-8636-E364DDEB12A1}.Debug|x86.ActiveCfg = Debug|x86
		{D7C5DED7-F8F4-4614-8636-E364DDEB12A1}.Debug|x86.Build.0 = Debug|x86
		{D7C5DED7-F8F4-4614-8636-E364DDEB12A1}.Release|x64.ActiveCfg = Release|x64
		{D7C5DED7-F8F4-4614-8636-E364DDEB12A1}.Release|x64.Build.0 = Release|x64
		{D7C5DED7-F8F4-4614-8636-E364DDEB12A1}.Release|x86.ActiveCfg = Release|x86
		{D7C5DED7-F8F4-4614-8636-E364DDEB12A1}.Release|x86.Build.0 = Release|x86
		{D7C5DED7-F8F4-4614-8636-E364DDEB12A1}.Wix Release|x64.ActiveCfg = Release|x64
		{D7C5DED7-F8F4-4614-8636-E364DDEB12A1}.Wix Release|x64.Build.0 = Release|x64
		{D7C5DED7-F8F4-4614-8636-E364DDEB12A1}.Wix Release|x86.ActiveCfg = Release|x86
		{D7C5DED7-F8F4-4614-8636-E364DDEB12A1}.Wix Release|x86.Build.0 = Release|x86
		{A4DD21B9-92C3-4B94-AA90-0298E10D3C54}.Debug|x64.ActiveCfg = Debug|x64
		{A4DD21B9-92C3-4B94-AA90-0298E10D3C54}.Debug|x64.Build.0 = Debug|x64
		{A4DD21B9-92C3-4B94-AA90-0298E10D3C54}.Debug|x86.ActiveCfg = Debug|x86
		{A4DD21B9-92C3-4B94-AA90-0298E10D3C54}.Debug|x86.Build.0 = Debug|x86
		{A4DD21B9-92C3-4B94-AA90-0298E10D3C54}.Release|x64.ActiveCfg = Release|x64
		{A4DD21B9-92C3-4B94-AA90-0298E10D3C54}.Release|x64.Build.0 = Release|x64
		{A4DD21B9-92C3-4B94-AA90-0298E10D3C54}.Release|x86.ActiveCfg = Release|x86
		{A4DD21B9-92C3-4B94-AA90-0298E10D3C54}.Release|x86.Build.0 = Release|x86
		{A4DD21B9-92C3-4B94-AA90-0298E10D3C54}.Wix Release|x64.ActiveCfg = Release|x64
		{A4DD21B9-92C3-4B94-AA90-0298E10D3C54}.Wix Release|x64.Build.0 = Release|x64
		{A4DD21B9-92C3-4B94-AA90-0298E10D3C54}.Wix Release|x86.ActiveCfg = Release|x86
		{A4DD21B9-92C3-4B94-AA90-0298E10D3C54}.Wix Release|x86.Build.0 = Release|x86
		{734B6979-3798-4B0F-A6F9-80088DBB0FEF}.Debug|x64.ActiveCfg = Debug|Any CPU
		{734B6979-3798-4B0F-A6F9-80088DBB0FEF}.Debug|x64.Build.0 = Debug|Any CPU
		{734B6979-3798-4B0F-A6F9-80088DBB0FEF}.Debug|x86.ActiveCfg = Debug|Any CPU
		{734B6979-3798-4B0F-A6F9-80088DBB0FEF}.Debug|x86.Build.0 = Debug|Any CPU
		{734B6979-3798-4B0F-A6F9-80088DBB0FEF}.Release|x64.ActiveCfg = Release|Any CPU
		{734B6979-3798-4B0F-A6F9-80088DBB0FEF}.Release|x64.Build.0 = Release|Any CPU
		{734B6979-3798-4B0F-A6F9-80088DBB0FEF}.Release|x86.ActiveCfg = Release|Any CPU
		{734B6979-3798-4B0F-A6F9-80088DBB0FEF}.Release|x86.Build.0 = Release|Any CPU
		{734B6979-3798-4B0F-A6F9-80088DBB0FEF}.Wix Release|x64.ActiveCfg = Release|Any CPU
		{734B6979-3798-4B0F-A6F9-80088DBB0FEF}.Wix Release|x64.Build.0 = Release|Any CPU
		{734B6979-3798-4B0F-A6F9-80088DBB0FEF}.Wix Release|x86.ActiveCfg = Release|Any CPU
		{734B6979-3798-4B0F-A6F9-80088DBB0FEF}.Wix Release|x86.Build.0 = Release|Any CPU
		{BF7F53BF-49D6-4675-BB8B-890AB37BF78D}.Debug|x64.ActiveCfg = Debug|x64
		{BF7F53BF-49D6-4675-BB8B-890AB37BF78D}.Debug|x64.Build.0 = Debug|x64
		{BF7F53BF-49D6-4675-BB8B-890AB37BF78D}.Debug|x86.ActiveCfg = Debug|x86
		{BF7F53BF-49D6-4675-BB8B-890AB37BF78D}.Debug|x86.Build.0 = Debug|x86
		{BF7F53BF-49D6-4675-BB8B-890AB37BF78D}.Release|x64.ActiveCfg = Release|x64
		{BF7F53BF-49D6-4675-BB8B-890AB37BF78D}.Release|x64.Build.0 = Release|x64
		{BF7F53BF-49D6-4675-BB8B-890AB37BF78D}.Release|x86.ActiveCfg = Release|x86
		{BF7F53BF-49D6-4675-BB8B-890AB37BF78D}.Release|x86.Build.0 = Release|x86
		{BF7F53BF-49D6-4675-BB8B-890AB37BF78D}.Wix Release|x64.ActiveCfg = Release|x64
		{BF7F53BF-49D6-4675-BB8B-890AB37BF78D}.Wix Release|x64.Build.0 = Release|x64
		{BF7F53BF-49D6-4675-BB8B-890AB37BF78D}.Wix Release|x86.ActiveCfg = Release|x86
		{BF7F53BF-49D6-4675-BB8B-890AB37BF78D}.Wix Release|x86.Build.0 = Release|x86
		{837F9DBD-7E29-4237-ADD9-1BD32FEF965C}.Debug|x64.ActiveCfg = Debug|x64
		{837F9DBD-7E29-4237-ADD9-1BD32FEF965C}.Debug|x64.Build.0 = Debug|x64
		{837F9DBD-7E29-4237-ADD9-1BD32FEF965C}.Debug|x86.ActiveCfg = Debug|x86
		{837F9DBD-7E29-4237-ADD9-1BD32FEF965C}.Debug|x86.Build.0 = Debug|x86
		{837F9DBD-7E29-4237-ADD9-1BD32FEF965C}.Release|x64.ActiveCfg = Release|x64
		{837F9DBD-7E29-4237-ADD9-1BD32FEF965C}.Release|x64.Build.0 = Release|x64
		{837F9DBD-7E29-4237-ADD9-1BD32FEF965C}.Release|x86.ActiveCfg = Release|x86
		{837F9DBD-7E29-4237-ADD9-1BD32FEF965C}.Release|x86.Build.0 = Release|x86
		{837F9DBD-7E29-4237-ADD9-1BD32FEF965C}.Wix Release|x64.ActiveCfg = Release|x64
		{837F9DBD-7E29-4237-ADD9-1BD32FEF965C}.Wix Release|x64.Build.0 = Release|x64
		{837F9DBD-7E29-4237-ADD9-1BD32FEF965C}.Wix Release|x86.ActiveCfg = Release|x86
		{837F9DBD-7E29-4237-ADD9-1BD32FEF965C}.Wix Release|x86.Build.0 = Release|x86
		{E7E84AA7-DAF9-4285-9F66-1EE692676B60}.Debug|x64.ActiveCfg = Debug|Any CPU
		{E7E84AA7-DAF9-4285-9F66-1EE692676B60}.Debug|x64.Build.0 = Debug|Any CPU
		{E7E84AA7-DAF9-4285-9F66-1EE692676B60}.Debug|x86.ActiveCfg = Debug|Any CPU
		{E7E84AA7-DAF9-4285-9F66-1EE692676B60}.Debug|x86.Build.0 = Debug|Any CPU
		{E7E84AA7-DAF9-4285-9F66-1EE692676B60}.Release|x64.ActiveCfg = Release|Any CPU
		{E7E84AA7-DAF9-4285-9F66-1EE692676B60}.Release|x64.Build.0 = Release|Any CPU
		{E7E84AA7-DAF9-4285-9F66-1EE692676B60}.Release|x86.ActiveCfg = Release|Any CPU
		{E7E84AA7-DAF9-4285-9F66-1EE692676B60}.Release|x86.Build.0 = Release|Any CPU
		{E7E84AA7-DAF9-4285-9F66-1EE692676B60}.Wix Release|x64.ActiveCfg = Release|Any CPU
		{E7E84AA7-DAF9-4285-9F66-1EE692676B60}.Wix Release|x64.Build.0 = Release|Any CPU
		{E7E84AA7-DAF9-4285-9F66-1EE692676B60}.Wix Release|x86.ActiveCfg = Release|Any CPU
		{E7E84AA7-DAF9-4285-9F66-1EE692676B60}.Wix Release|x86.Build.0 = Release|Any CPU
		{6ABDFB09-8E8C-47F1-A0B5-A5541EAAD61B}.Debug|x64.ActiveCfg = Debug|Any CPU
		{6ABDFB09-8E8C-47F1-A0B5-A5541EAAD61B}.Debug|x64.Build.0 = Debug|Any CPU
		{6ABDFB09-8E8C-47F1-A0B5-A5541EAAD61B}.Debug|x86.ActiveCfg = Debug|Any CPU
		{6ABDFB09-8E8C-47F1-A0B5-A5541EAAD61B}.Debug|x86.Build.0 = Debug|Any CPU
		{6ABDFB09-8E8C-47F1-A0B5-A5541EAAD61B}.Release|x64.ActiveCfg = Release|Any CPU
		{6ABDFB09-8E8C-47F1-A0B5-A5541EAAD61B}.Release|x64.Build.0 = Release|Any CPU
		{6ABDFB09-8E8C-47F1-A0B5-A5541EAAD61B}.Release|x86.ActiveCfg = Release|Any CPU
		{6ABDFB09-8E8C-47F1-A0B5-A5541EAAD61B}.Release|x86.Build.0 = Release|Any CPU
		{6ABDFB09-8E8C-47F1-A0B5-A5541EAAD61B}.Wix Release|x64.ActiveCfg = Release|Any CPU
		{6ABDFB09-8E8C-47F1-A0B5-A5541EAAD61B}.Wix Release|x64.Build.0 = Release|Any CPU
		{6ABDFB09-8E8C-47F1-A0B5-A5541EAAD61B}.Wix Release|x86.ActiveCfg = Release|Any CPU
		{6ABDFB09-8E8C-47F1-A0B5-A5541EAAD61B}.Wix Release|x86.Build.0 = Release|Any CPU
	EndGlobalSection
	GlobalSection(SolutionProperties) = preSolution
		HideSolutionNode = FALSE
	EndGlobalSection
	GlobalSection(NestedProjects) = preSolution
		{F7ED3F65-BFE8-4949-8BDE-494F12CC30C6} = {CF8AC350-A45E-4D72-A55D-9FFE355E9E66}
		{837F9DBD-7E29-4237-ADD9-1BD32FEF964A} = {C8483999-6886-47C5-83F3-48C226FE1C8A}
		{2F2A3E61-960A-4DA0-A087-D45C89B33099} = {27A27BFC-3001-48FE-855F-CF8B27D889B9}
		{665652E5-B6F9-42AB-8C93-11B4EE8DDBA5} = {C8483999-6886-47C5-83F3-48C226FE1C8A}
		{07E7D6A1-141E-45DB-B557-30425540BE14} = {27A27BFC-3001-48FE-855F-CF8B27D889B9}
		{97135039-F5B3-4BCA-9360-E14B1505680D} = {777437E9-C50D-4843-99D3-C2CBEA39F6E6}
		{20A4DC8B-3068-416B-B581-94C243072740} = {777437E9-C50D-4843-99D3-C2CBEA39F6E6}
		{D7C5DED7-F8F4-4614-8636-E364DDEB12A1} = {777437E9-C50D-4843-99D3-C2CBEA39F6E6}
		{A4DD21B9-92C3-4B94-AA90-0298E10D3C54} = {0498DA78-17E0-4BD2-AD40-EDD8F20F72B6}
		{734B6979-3798-4B0F-A6F9-80088DBB0FEF} = {12F11310-E053-4D38-868F-084E97254879}
		{BF7F53BF-49D6-4675-BB8B-890AB37BF78D} = {C8483999-6886-47C5-83F3-48C226FE1C8A}
		{837F9DBD-7E29-4237-ADD9-1BD32FEF965C} = {C8483999-6886-47C5-83F3-48C226FE1C8A}
		{E7E84AA7-DAF9-4285-9F66-1EE692676B60} = {CF8AC350-A45E-4D72-A55D-9FFE355E9E66}
		{6ABDFB09-8E8C-47F1-A0B5-A5541EAAD61B} = {CF8AC350-A45E-4D72-A55D-9FFE355E9E66}
	EndGlobalSection
	GlobalSection(ExtensibilityGlobals) = postSolution
		SolutionGuid = {0E9D191A-A996-4C39-AE60-6E4756E9BB23}
	EndGlobalSection
EndGlobal
